{
  "name": "220602",
  "lockfileVersion": 2,
  "requires": true,
  "packages": {
    "": {
      "dependencies": {
        "python2": "^0.0.1",
        "python3": "^0.0.1"
      }
    },
    "node_modules/python2": {
      "version": "0.0.1",
      "resolved": "https://registry.npmjs.org/python2/-/python2-0.0.1.tgz",
      "integrity": "sha512-ouWJLtRLCYF1u+TU19kd/qM5deWrDhYNhZAbltyc8v1V3RUlJCl3uGyqPIeYhaL6+gX8kZz56T2rq398bsr9yQ=="
    },
    "node_modules/python3": {
      "version": "0.0.1",
      "resolved": "https://registry.npmjs.org/python3/-/python3-0.0.1.tgz",
      "integrity": "sha512-VB3Pe0uV1mjWND5Kv1FJQOSuAe979Oo0gRs/C8JGF8wx+ulkWqHC/sWlQz+ezcGpwsJP0tTIh+No/iRaqQlcNg=="
    }
  },
  "dependencies": {
    "python2": {
      "version": "0.0.1",
      "resolved": "https://registry.npmjs.org/python2/-/python2-0.0.1.tgz",
      "integrity": "sha512-ouWJLtRLCYF1u+TU19kd/qM5deWrDhYNhZAbltyc8v1V3RUlJCl3uGyqPIeYhaL6+gX8kZz56T2rq398bsr9yQ=="
    },
    "python3": {
      "version": "0.0.1",
      "resolved": "https://registry.npmjs.org/python3/-/python3-0.0.1.tgz",
      "integrity": "sha512-VB3Pe0uV1mjWND5Kv1FJQOSuAe979Oo0gRs/C8JGF8wx+ulkWqHC/sWlQz+ezcGpwsJP0tTIh+No/iRaqQlcNg=="
    }
  }
}
